
Microsoft Visual Studio Solution File, Format Version 12.00
Project("{FAE04EC0-301F-11D3-BF4B-00C04F79EFBC}") = "UserService", "UserService\UserService.csproj", "{B52354E1-415A-44D5-BDDB-BE91A43FA43E}"
EndProject
Project("{FAE04EC0-301F-11D3-BF4B-00C04F79EFBC}") = "QuizService", "QuizService\QuizService.csproj", "{46457BBF-6D60-4550-A79E-C061836606F1}"
EndProject
Project("{FAE04EC0-301F-11D3-BF4B-00C04F79EFBC}") = "ScoreService", "ScoreService\ScoreService.csproj", "{4336D53B-67F2-4A47-B67E-865970AAF9DD}"
EndProject
Project("{FAE04EC0-301F-11D3-BF4B-00C04F79EFBC}") = "NotificationService", "NotificationService\NotificationService.csproj", "{D7FAA24F-CFAE-46C3-9179-732686315399}"
EndProject
Project("{FAE04EC0-301F-11D3-BF4B-00C04F79EFBC}") = "Shared", "Shared\Shared.csproj", "{4326678B-56C5-428C-AA32-B05868FDB3A1}"
EndProject
Global
	GlobalSection(SolutionConfigurationPlatforms) = preSolution
		Debug|Any CPU = Debug|Any CPU
		Release|Any CPU = Release|Any CPU
	EndGlobalSection
	GlobalSection(ProjectConfigurationPlatforms) = postSolution
		{B52354E1-415A-44D5-BDDB-BE91A43FA43E}.Debug|Any CPU.ActiveCfg = Debug|Any CPU
		{B52354E1-415A-44D5-BDDB-BE91A43FA43E}.Debug|Any CPU.Build.0 = Debug|Any CPU
		{B52354E1-415A-44D5-BDDB-BE91A43FA43E}.Release|Any CPU.ActiveCfg = Release|Any CPU
		{B52354E1-415A-44D5-BDDB-BE91A43FA43E}.Release|Any CPU.Build.0 = Release|Any CPU
		{46457BBF-6D60-4550-A79E-C061836606F1}.Debug|Any CPU.ActiveCfg = Debug|Any CPU
		{46457BBF-6D60-4550-A79E-C061836606F1}.Debug|Any CPU.Build.0 = Debug|Any CPU
		{46457BBF-6D60-4550-A79E-C061836606F1}.Release|Any CPU.ActiveCfg = Release|Any CPU
		{46457BBF-6D60-4550-A79E-C061836606F1}.Release|Any CPU.Build.0 = Release|Any CPU
		{4336D53B-67F2-4A47-B67E-865970AAF9DD}.Debug|Any CPU.ActiveCfg = Debug|Any CPU
		{4336D53B-67F2-4A47-B67E-865970AAF9DD}.Debug|Any CPU.Build.0 = Debug|Any CPU
		{4336D53B-67F2-4A47-B67E-865970AAF9DD}.Release|Any CPU.ActiveCfg = Release|Any CPU
		{4336D53B-67F2-4A47-B67E-865970AAF9DD}.Release|Any CPU.Build.0 = Release|Any CPU
		{D7FAA24F-CFAE-46C3-9179-732686315399}.Debug|Any CPU.ActiveCfg = Debug|Any CPU
		{D7FAA24F-CFAE-46C3-9179-732686315399}.Debug|Any CPU.Build.0 = Debug|Any CPU
		{D7FAA24F-CFAE-46C3-9179-732686315399}.Release|Any CPU.ActiveCfg = Release|Any CPU
		{D7FAA24F-CFAE-46C3-9179-732686315399}.Release|Any CPU.Build.0 = Release|Any CPU
		{4326678B-56C5-428C-AA32-B05868FDB3A1}.Debug|Any CPU.ActiveCfg = Debug|Any CPU
		{4326678B-56C5-428C-AA32-B05868FDB3A1}.Debug|Any CPU.Build.0 = Debug|Any CPU
		{4326678B-56C5-428C-AA32-B05868FDB3A1}.Release|Any CPU.ActiveCfg = Release|Any CPU
		{4326678B-56C5-428C-AA32-B05868FDB3A1}.Release|Any CPU.Build.0 = Release|Any CPU
	EndGlobalSection
EndGlobal
